
Microsoft Visual Studio Solution File, Format Version 12.00
# Visual Studio Version 17
VisualStudioVersion = 17.7.34003.232
MinimumVisualStudioVersion = 10.0.40219.1
Project("{2150E333-8FDC-42A3-9474-1A3956D46DE8}") = "Native", "Native", "{2D13B3DD-13B4-478B-A938-4CE73670CE60}"
	ProjectSection(SolutionItems) = preProject
		SlangNet.Native\NativePackageReadme.md = SlangNet.Native\NativePackageReadme.md
	EndProjectSection
EndProject
Project("{2150E333-8FDC-42A3-9474-1A3956D46DE8}") = "Solution Items", "Solution Items", "{ADD346F6-8A0A-40E0-B6C2-D06710C867A3}"
	ProjectSection(SolutionItems) = preProject
		Directory.Build.props = Directory.Build.props
		ImportMainProject.targets = ImportMainProject.targets
		nuget.config = nuget.config
	EndProjectSection
EndProject
Project("{9A19103F-16F7-4668-BE54-9A1E7A4F7556}") = "SlangNet.Bindings", "SlangNet.Bindings\SlangNet.Bindings.csproj", "{36C8A3DE-A72A-43B7-9023-B35DA2241AE1}"
EndProject
Project("{9A19103F-16F7-4668-BE54-9A1E7A4F7556}") = "SlangNet", "SlangNet\SlangNet.csproj", "{4F754768-5AD8-46CA-8701-4818AE8CC393}"
EndProject
Project("{2150E333-8FDC-42A3-9474-1A3956D46DE8}") = "Examples", "Examples", "{C6C1C38C-1298-444D-B383-E7B97BFD7C54}"
	ProjectSection(SolutionItems) = preProject
		examples\README.md = examples\README.md
	EndProjectSection
EndProject
Project("{9A19103F-16F7-4668-BE54-9A1E7A4F7556}") = "SlangNet.Example.HelloWorld.Unsafe", "examples\SlangNet.Example.HelloWorld.Unsafe\SlangNet.Example.HelloWorld.Unsafe.csproj", "{C4319D33-B411-4202-8D06-100EF298C2E0}"
EndProject
Project("{9A19103F-16F7-4668-BE54-9A1E7A4F7556}") = "SlangNet.Pretty", "SlangNet.Pretty\SlangNet.Pretty.csproj", "{C81CD288-5E90-4105-9287-F694770B1369}"
EndProject
Project("{9A19103F-16F7-4668-BE54-9A1E7A4F7556}") = "SlangNet.Pretty.SourceGenerator", "SlangNet.Pretty.SourceGenerator\SlangNet.Pretty.SourceGenerator.csproj", "{7BB40E72-E475-4C46-98BD-F0D4EA20DBF8}"
EndProject
Project("{2150E333-8FDC-42A3-9474-1A3956D46DE8}") = "Tests", "Tests", "{4A6B9893-5FE6-419E-82C7-A31A5A7ECC78}"
EndProject
Project("{9A19103F-16F7-4668-BE54-9A1E7A4F7556}") = "SlangNet.Tests", "SlangNet.Tests\SlangNet.Tests.csproj", "{17A4B9C9-E595-42E3-B49D-09C26871C692}"
EndProject
Project("{9A19103F-16F7-4668-BE54-9A1E7A4F7556}") = "_build", "build\_build.csproj", "{3E987CF8-1E38-4C3F-9C30-D5017C2140A4}"
EndProject
Project("{FAE04EC0-301F-11D3-BF4B-00C04F79EFBC}") = "SlangNet.ComWrappers", "SlangNet.ComWrappers\SlangNet.ComWrappers.csproj", "{98824F94-FAB9-472B-ACD1-8BF592A5425F}"
EndProject
Global
	GlobalSection(SolutionConfigurationPlatforms) = preSolution
		Debug|Any CPU = Debug|Any CPU
		Release|Any CPU = Release|Any CPU
	EndGlobalSection
	GlobalSection(ProjectConfigurationPlatforms) = postSolution
		{36C8A3DE-A72A-43B7-9023-B35DA2241AE1}.Debug|Any CPU.ActiveCfg = Debug|Any CPU
		{36C8A3DE-A72A-43B7-9023-B35DA2241AE1}.Debug|Any CPU.Build.0 = Debug|Any CPU
		{36C8A3DE-A72A-43B7-9023-B35DA2241AE1}.Release|Any CPU.ActiveCfg = Release|Any CPU
		{36C8A3DE-A72A-43B7-9023-B35DA2241AE1}.Release|Any CPU.Build.0 = Release|Any CPU
		{4F754768-5AD8-46CA-8701-4818AE8CC393}.Debug|Any CPU.ActiveCfg = Debug|Any CPU
		{4F754768-5AD8-46CA-8701-4818AE8CC393}.Debug|Any CPU.Build.0 = Debug|Any CPU
		{4F754768-5AD8-46CA-8701-4818AE8CC393}.Release|Any CPU.ActiveCfg = Release|Any CPU
		{4F754768-5AD8-46CA-8701-4818AE8CC393}.Release|Any CPU.Build.0 = Release|Any CPU
		{C4319D33-B411-4202-8D06-100EF298C2E0}.Debug|Any CPU.ActiveCfg = Debug|Any CPU
		{C4319D33-B411-4202-8D06-100EF298C2E0}.Debug|Any CPU.Build.0 = Debug|Any CPU
		{C4319D33-B411-4202-8D06-100EF298C2E0}.Release|Any CPU.ActiveCfg = Release|Any CPU
		{C4319D33-B411-4202-8D06-100EF298C2E0}.Release|Any CPU.Build.0 = Release|Any CPU
		{C81CD288-5E90-4105-9287-F694770B1369}.Debug|Any CPU.ActiveCfg = Debug|Any CPU
		{C81CD288-5E90-4105-9287-F694770B1369}.Debug|Any CPU.Build.0 = Debug|Any CPU
		{C81CD288-5E90-4105-9287-F694770B1369}.Release|Any CPU.ActiveCfg = Release|Any CPU
		{C81CD288-5E90-4105-9287-F694770B1369}.Release|Any CPU.Build.0 = Release|Any CPU
		{7BB40E72-E475-4C46-98BD-F0D4EA20DBF8}.Debug|Any CPU.ActiveCfg = Debug|Any CPU
		{7BB40E72-E475-4C46-98BD-F0D4EA20DBF8}.Debug|Any CPU.Build.0 = Debug|Any CPU
		{7BB40E72-E475-4C46-98BD-F0D4EA20DBF8}.Release|Any CPU.ActiveCfg = Release|Any CPU
		{7BB40E72-E475-4C46-98BD-F0D4EA20DBF8}.Release|Any CPU.Build.0 = Release|Any CPU
		{17A4B9C9-E595-42E3-B49D-09C26871C692}.Debug|Any CPU.ActiveCfg = Debug|Any CPU
		{17A4B9C9-E595-42E3-B49D-09C26871C692}.Debug|Any CPU.Build.0 = Debug|Any CPU
		{17A4B9C9-E595-42E3-B49D-09C26871C692}.Release|Any CPU.ActiveCfg = Release|Any CPU
		{17A4B9C9-E595-42E3-B49D-09C26871C692}.Release|Any CPU.Build.0 = Release|Any CPU
		{3E987CF8-1E38-4C3F-9C30-D5017C2140A4}.Debug|Any CPU.ActiveCfg = Debug|Any CPU
		{3E987CF8-1E38-4C3F-9C30-D5017C2140A4}.Release|Any CPU.ActiveCfg = Release|Any CPU
		{98824F94-FAB9-472B-ACD1-8BF592A5425F}.Debug|Any CPU.ActiveCfg = Debug|Any CPU
		{98824F94-FAB9-472B-ACD1-8BF592A5425F}.Debug|Any CPU.Build.0 = Debug|Any CPU
		{98824F94-FAB9-472B-ACD1-8BF592A5425F}.Release|Any CPU.ActiveCfg = Release|Any CPU
		{98824F94-FAB9-472B-ACD1-8BF592A5425F}.Release|Any CPU.Build.0 = Release|Any CPU
	EndGlobalSection
	GlobalSection(SolutionProperties) = preSolution
		HideSolutionNode = FALSE
	EndGlobalSection
	GlobalSection(NestedProjects) = preSolution
		{C4319D33-B411-4202-8D06-100EF298C2E0} = {C6C1C38C-1298-444D-B383-E7B97BFD7C54}
		{17A4B9C9-E595-42E3-B49D-09C26871C692} = {4A6B9893-5FE6-419E-82C7-A31A5A7ECC78}
	EndGlobalSection
	GlobalSection(ExtensibilityGlobals) = postSolution
		SolutionGuid = {4A76EC01-CE0D-4E15-ACD3-FB86A95BCA4C}
	EndGlobalSection
	GlobalSection(SharedMSBuildProjectFiles) = preSolution
		SlangNet.Tests\SlangNet.Tests.Shared\SlangNet.Tests.Shared.projitems*{17a4b9c9-e595-42e3-b49d-09c26871c692}*SharedItemsImports = 5
	EndGlobalSection
EndGlobal
